
Microsoft Visual Studio Solution File, Format Version 10.00
# Visual Studio 2008
Project("{8BC9CEB8-8B4A-11D0-8D11-00A0C91BC942}") = "SSSP", "SSSP\SSSP.vcproj", "{835B55D9-6DE2-46AC-A92C-3DAF2638A02E}"
EndProject
Global
	GlobalSection(SolutionConfigurationPlatforms) = preSolution
		Debug|Win32 = Debug|Win32
		Release|Win32 = Release|Win32
	EndGlobalSection
	GlobalSection(ProjectConfigurationPlatforms) = postSolution
		{835B55D9-6DE2-46AC-A92C-3DAF2638A02E}.Debug|Win32.ActiveCfg = Debug|Win32
		{835B55D9-6DE2-46AC-A92C-3DAF2638A02E}.Debug|Win32.Build.0 = Debug|Win32
		{835B55D9-6DE2-46AC-A92C-3DAF2638A02E}.Release|Win32.ActiveCfg = Release|Win32
		{835B55D9-6DE2-46AC-A92C-3DAF2638A02E}.Release|Win32.Build.0 = Release|Win32
	EndGlobalSection
	GlobalSection(SolutionProperties) = preSolution
		HideSolutionNode = FALSE
	EndGlobalSection
EndGlobal
